// !$*UTF8*$!
{
	archiveVersion = 1;
	classes = {
	};
	objectVersion = 50;
	objects = {

/* Begin PBXBuildFile section */
		3A3AA4D425798B9400D2B958 /* AppDelegate.swift in Sources */ = {isa = PBXBuildFile; fileRef = 3A3AA4D325798B9400D2B958 /* AppDelegate.swift */; };
		3A3AA4D625798B9400D2B958 /* SceneDelegate.swift in Sources */ = {isa = PBXBuildFile; fileRef = 3A3AA4D525798B9400D2B958 /* SceneDelegate.swift */; };
		3A3AA4D825798B9400D2B958 /* ViewController.swift in Sources */ = {isa = PBXBuildFile; fileRef = 3A3AA4D725798B9400D2B958 /* ViewController.swift */; };
		3A3AA4DB25798B9400D2B958 /* Main.storyboard in Resources */ = {isa = PBXBuildFile; fileRef = 3A3AA4D925798B9400D2B958 /* Main.storyboard */; };
		3A3AA4DD25798BAE00D2B958 /* Assets.xcassets in Resources */ = {isa = PBXBuildFile; fileRef = 3A3AA4DC25798BAE00D2B958 /* Assets.xcassets */; };
		3A3AA4E025798BAE00D2B958 /* LaunchScreen.storyboard in Resources */ = {isa = PBXBuildFile; fileRef = 3A3AA4DE25798BAE00D2B958 /* LaunchScreen.storyboard */; };
		3A3AA4E925799DE200D2B958 /* EditViewController.swift in Sources */ = {isa = PBXBuildFile; fileRef = 3A3AA4E825799DE200D2B958 /* EditViewController.swift */; };
/* End PBXBuildFile section */

/* Begin PBXFileReference section */
		3A3AA4D025798B9400D2B958 /* ControlHW.app */ = {isa = PBXFileReference; explicitFileType = wrapper.application; includeInIndex = 0; path = ControlHW.app; sourceTree = BUILT_PRODUCTS_DIR; };
		3A3AA4D325798B9400D2B958 /* AppDelegate.swift */ = {isa = PBXFileReference; lastKnownFileType = sourcecode.swift; path = AppDelegate.swift; sourceTree = "<group>"; };
		3A3AA4D525798B9400D2B958 /* SceneDelegate.swift */ = {isa = PBXFileReference; lastKnownFileType = sourcecode.swift; path = SceneDelegate.swift; sourceTree = "<group>"; };
		3A3AA4D725798B9400D2B958 /* ViewController.swift */ = {isa = PBXFileReference; lastKnownFileType = sourcecode.swift; path = ViewController.swift; sourceTree = "<group>"; };
		3A3AA4DA25798B9400D2B958 /* Base */ = {isa = PBXFileReference; lastKnownFileType = file.storyboard; name = Base; path = Base.lproj/Main.storyboard; sourceTree = "<group>"; };
		3A3AA4DC25798BAE00D2B958 /* Assets.xcassets */ = {isa = PBXFileReference; lastKnownFileType = folder.assetcatalog; path = Assets.xcassets; sourceTree = "<group>"; };
		3A3AA4DF25798BAE00D2B958 /* Base */ = {isa = PBXFileReference; lastKnownFileType = file.storyboard; name = Base; path = Base.lproj/LaunchScreen.storyboard; sourceTree = "<group>"; };
		3A3AA4E125798BAE00D2B958 /* Info.plist */ = {isa = PBXFileReference; lastKnownFileType = text.plist.xml; path = Info.plist; sourceTree = "<group>"; };
		3A3AA4E825799DE200D2B958 /* EditViewController.swift */ = {isa = PBXFileReference; lastKnownFileType = sourcecode.swift; path = EditViewController.swift; sourceTree = "<group>"; };
/* End PBXFileReference section */

/* Begin PBXFrameworksBuildPhase section */
		3A3AA4CD25798B9400D2B958 /* Frameworks */ = {
			isa = PBXFrameworksBuildPhase;
			buildActionMask = 2147483647;
			files = (
			);
			runOnlyForDeploymentPostprocessing = 0;
		};
/* End PBXFrameworksBuildPhase section */

/* Begin PBXGroup section */
		3A3AA4C725798B9400D2B958 = {
			isa = PBXGroup;
			children = (
				3A3AA4D225798B9400D2B958 /* ControlHW */,
				3A3AA4D125798B9400D2B958 /* Products */,
			);
			sourceTree = "<group>";
		};
		3A3AA4D125798B9400D2B958 /* Products */ = {
			isa = PBXGroup;
			children = (
				3A3AA4D025798B9400D2B958 /* ControlHW.app */,
			);
			name = Products;
			sourceTree = "<group>";
		};
		3A3AA4D225798B9400D2B958 /* ControlHW */ = {
			isa = PBXGroup;
			children = (
				3A3AA4D325798B9400D2B958 /* AppDelegate.swift */,
				3A3AA4D525798B9400D2B958 /* SceneDelegate.swift */,
				3A3AA4D725798B9400D2B958 /* ViewController.swift */,
				3A3AA4D925798B9400D2B958 /* Main.storyboard */,
				3A3AA4DC25798BAE00D2B958 /* Assets.xcassets */,
				3A3AA4DE25798BAE00D2B958 /* LaunchScreen.storyboard */,
				3A3AA4E125798BAE00D2B958 /* Info.plist */,
				3A3AA4E825799DE200D2B958 /* EditViewController.swift */,
			);
			path = ControlHW;
			sourceTree = "<group>";
		};
/* End PBXGroup section */

/* Begin PBXNativeTarget section */
		3A3AA4CF25798B9400D2B958 /* ControlHW */ = {
			isa = PBXNativeTarget;
			buildConfigurationList = 3A3AA4E425798BAE00D2B958 /* Build configuration list for PBXNativeTarget "ControlHW" */;
			buildPhases = (
				3A3AA4CC25798B9400D2B958 /* Sources */,
				3A3AA4CD25798B9400D2B958 /* Frameworks */,
				3A3AA4CE25798B9400D2B958 /* Resources */,
			);
			buildRules = (
			);
			dependencies = (
			);
			name = ControlHW;
			productName = ControlHW;
			productReference = 3A3AA4D025798B9400D2B958 /* ControlHW.app */;
			productType = "com.apple.product-type.application";
		};
/* End PBXNativeTarget section */

/* Begin PBXProject section */
		3A3AA4C825798B9400D2B958 /* Project object */ = {
			isa = PBXProject;
			attributes = {
				LastSwiftUpdateCheck = 1220;
				LastUpgradeCheck = 1220;
				TargetAttributes = {
					3A3AA4CF25798B9400D2B958 = {
						CreatedOnToolsVersion = 12.2;
					};
				};
			};
			buildConfigurationList = 3A3AA4CB25798B9400D2B958 /* Build configuration list for PBXProject "ControlHW" */;
			compatibilityVersion = "Xcode 9.3";
			developmentRegion = en;
			hasScannedForEncodings = 0;
			knownRegions = (
				en,
				Base,
			);
			mainGroup = 3A3AA4C725798B9400D2B958;
			productRefGroup = 3A3AA4D125798B9400D2B958 /* Products */;
			projectDirPath = "";
			projectRoot = "";
			targets = (
				3A3AA4CF25798B9400D2B958 /* ControlHW */,
			);
		};
/* End PBXProject section */

/* Begin PBXResourcesBuildPhase section */
		3A3AA4CE25798B9400D2B958 /* Resources */ = {
			isa = PBXResourcesBuildPhase;
			buildActionMask = 2147483647;
			files = (
				3A3AA4E025798BAE00D2B958 /* LaunchScreen.storyboard in Resources */,
				3A3AA4DD25798BAE00D2B958 /* Assets.xcassets in Resources */,
				3A3AA4DB25798B9400D2B958 /* Main.storyboard in Resources */,
			);
			runOnlyForDeploymentPostprocessing = 0;
		};
/* End PBXResourcesBuildPhase section */

/* Begin PBXSourcesBuildPhase section */
		3A3AA4CC25798B9400D2B958 /* Sources */ = {
			isa = PBXSourcesBuildPhase;
			buildActionMask = 2147483647;
			files = (
				3A3AA4E925799DE200D2B958 /* EditViewController.swift in Sources */,
				3A3AA4D825798B9400D2B958 /* ViewController.swift in Sources */,
				3A3AA4D425798B9400D2B958 /* AppDelegate.swift in Sources */,
				3A3AA4D625798B9400D2B958 /* SceneDelegate.swift in Sources */,
			);
			runOnlyForDeploymentPostprocessing = 0;
		};
/* End PBXSourcesBuildPhase section */

/* Begin PBXVariantGroup section */
		3A3AA4D925798B9400D2B958 /* Main.storyboard */ = {
			isa = PBXVariantGroup;
			children = (
				3A3AA4DA25798B9400D2B958 /* Base */,
			);
			name = Main.storyboard;
			sourceTree = "<group>";
		};
		3A3AA4DE25798BAE00D2B958 /* LaunchScreen.storyboard */ = {
			isa = PBXVariantGroup;
			children = (
				3A3AA4DF25798BAE00D2B958 /* Base */,
			);
			name = LaunchScreen.storyboard;
			sourceTree = "<group>";
		};
/* End PBXVariantGroup section */

/* Begin XCBuildConfiguration section */
		3A3AA4E225798BAE00D2B958 /* Debug */ = {
			isa = XCBuildConfiguration;
			buildSettings = {
				ALWAYS_SEARCH_USER_PATHS = NO;
				CLANG_ANALYZER_NONNULL = YES;
				CLANG_ANALYZER_NUMBER_OBJECT_CONVERSION = YES_AGGRESSIVE;
				CLANG_CXX_LANGUAGE_STANDARD = "gnu++14";
				CLANG_CXX_LIBRARY = "libc++";
				CLANG_ENABLE_MODULES = YES;
				CLANG_ENABLE_OBJC_ARC = YES;
				CLANG_ENABLE_OBJC_WEAK = YES;
				CLANG_WARN_BLOCK_CAPTURE_AUTORELEASING = YES;
				CLANG_WARN_BOOL_CONVERSION = YES;
				CLANG_WARN_COMMA = YES;
				CLANG_WARN_CONSTANT_CONVERSION = YES;
				CLANG_WARN_DEPRECATED_OBJC_IMPLEMENTATIONS = YES;
				CLANG_WARN_DIRECT_OBJC_ISA_USAGE = YES_ERROR;
				CLANG_WARN_DOCUMENTATION_COMMENTS = YES;
				CLANG_WARN_EMPTY_BODY = YES;
				CLANG_WARN_ENUM_CONVERSION = YES;
				CLANG_WARN_INFINITE_RECURSION = YES;
				CLANG_WARN_INT_CONVERSION = YES;
				CLANG_WARN_NON_LITERAL_NULL_CONVERSION = YES;
				CLANG_WARN_OBJC_IMPLICIT_RETAIN_SELF = YES;
				CLANG_WARN_OBJC_LITERAL_CONVERSION = YES;
				CLANG_WARN_OBJC_ROOT_CLASS = YES_ERROR;
				CLANG_WARN_QUOTED_INCLUDE_IN_FRAMEWORK_HEADER = YES;
				CLANG_WARN_RANGE_LOOP_ANALYSIS = YES;
				CLANG_WARN_STRICT_PROTOTYPES = YES;
				CLANG_WARN_SUSPICIOUS_MOVE = YES;
				CLANG_WARN_UNGUARDED_AVAILABILITY = YES_AGGRESSIVE;
				CLANG_WARN_UNREACHABLE_CODE = YES;
				CLANG_WARN__DUPLICATE_METHOD_MATCH = YES;
				COPY_PHASE_STRIP = NO;
				DEBUG_INFORMATION_FORMAT = dwarf;
				ENABLE_STRICT_OBJC_MSGSEND = YES;
				ENABLE_TESTABILITY = YES;
				GCC_C_LANGUAGE_STANDARD = gnu11;
				GCC_DYNAMIC_NO_PIC = NO;
				GCC_NO_COMMON_BLOCKS = YES;
				GCC_OPTIMIZATION_LEVEL = 0;
				GCC_PREPROCESSOR_DEFINITIONS = (
					"DEBUG=1",
					"$(inherited)",
				);
				GCC_WARN_64_TO_32_BIT_CONVERSION = YES;
				GCC_WARN_ABOUT_RETURN_TYPE = YES_ERROR;
				GCC_WARN_UNDECLARED_SELECTOR = YES;
				GCC_WARN_UNINITIALIZED_AUTOS = YES_AGGRESSIVE;
				GCC_WARN_UNUSED_FUNCTION = YES;
				GCC_WARN_UNUSED_VARIABLE = YES;
				IPHONEOS_DEPLOYMENT_TARGET = 14.2;
				MTL_ENABLE_DEBUG_INFO = INCLUDE_SOURCE;
				MTL_FAST_MATH = YES;
				ONLY_ACTIVE_ARCH = YES;
				SDKROOT = iphoneos;
				SWIFT_ACTIVE_COMPILATION_CONDITIONS = DEBUG;
				SWIFT_OPTIMIZATION_LEVEL = "-Onone";
			};
			name = Debug;
		};
		3A3AA4E325798BAE00D2B958 /* Release */ = {
			isa = XCBuildConfiguration;
			buildSettings = {
				ALWAYS_SEARCH_USER_PATHS = NO;
				CLANG_ANALYZER_NONNULL = YES;
				CLANG_ANALYZER_NUMBER_OBJECT_CONVERSION = YES_AGGRESSIVE;
				CLANG_CXX_LANGUAGE_STANDARD = "gnu++14";
				CLANG_CXX_LIBRARY = "libc++";
				CLANG_ENABLE_MODULES = YES;
				CLANG_ENABLE_OBJC_ARC = YES;
				CLANG_ENABLE_OBJC_WEAK = YES;
				CLANG_WARN_BLOCK_CAPTURE_AUTORELEASING = YES;
				CLANG_WARN_BOOL_CONVERSION = YES;
				CLANG_WARN_COMMA = YES;
				CLANG_WARN_CONSTANT_CONVERSION = YES;
				CLANG_WARN_DEPRECATED_OBJC_IMPLEMENTATIONS = YES;
				CLANG_WARN_DIRECT_OBJC_ISA_USAGE = YES_ERROR;
				CLANG_WARN_DOCUMENTATION_COMMENTS = YES;
				CLANG_WARN_EMPTY_BODY = YES;
				CLANG_WARN_ENUM_CONVERSION = YES;
				CLANG_WARN_INFINITE_RECURSION = YES;
				CLANG_WARN_INT_CONVERSION = YES;
				CLANG_WARN_NON_LITERAL_NULL_CONVERSION = YES;
				CLANG_WARN_OBJC_IMPLICIT_RETAIN_SELF = YES;
				CLANG_WARN_OBJC_LITERAL_CONVERSION = YES;
				CLANG_WARN_OBJC_ROOT_CLASS = YES_ERROR;
				CLANG_WARN_QUOTED_INCLUDE_IN_FRAMEWORK_HEADER = YES;
				CLANG_WARN_RANGE_LOOP_ANALYSIS = YES;
				CLANG_WARN_STRICT_PROTOTYPES = YES;
				CLANG_WARN_SUSPICIOUS_MOVE = YES;
				CLANG_WARN_UNGUARDED_AVAILABILITY = YES_AGGRESSIVE;
				CLANG_WARN_UNREACHABLE_CODE = YES;
				CLANG_WARN__DUPLICATE_METHOD_MATCH = YES;
				COPY_PHASE_STRIP = NO;
				DEBUG_INFORMATION_FORMAT = "dwarf-with-dsym";
				ENABLE_NS_ASSERTIONS = NO;
				ENABLE_STRICT_OBJC_MSGSEND = YES;
				GCC_C_LANGUAGE_STANDARD = gnu11;
				GCC_NO_COMMON_BLOCKS = YES;
				GCC_WARN_64_TO_32_BIT_CONVERSION = YES;
				GCC_WARN_ABOUT_RETURN_TYPE = YES_ERROR;
				GCC_WARN_UNDECLARED_SELECTOR = YES;
				GCC_WARN_UNINITIALIZED_AUTOS = YES_AGGRESSIVE;
				GCC_WARN_UNUSED_FUNCTION = YES;
				GCC_WARN_UNUSED_VARIABLE = YES;
				IPHONEOS_DEPLOYMENT_TARGET = 14.2;
				MTL_ENABLE_DEBUG_INFO = NO;
				MTL_FAST_MATH = YES;
				SDKROOT = iphoneos;
				SWIFT_COMPILATION_MODE = wholemodule;
				SWIFT_OPTIMIZATION_LEVEL = "-O";
				VALIDATE_PRODUCT = YES;
			};
			name = Release;
		};
		3A3AA4E525798BAE00D2B958 /* Debug */ = {
			isa = XCBuildConfiguration;
			buildSettings = {
				ASSETCATALOG_COMPILER_APPICON_NAME = AppIcon;
				ASSETCATALOG_COMPILER_GLOBAL_ACCENT_COLOR_NAME = AccentColor;
				CODE_SIGN_STYLE = Automatic;
				INFOPLIST_FILE = ControlHW/Info.plist;
				LD_RUNPATH_SEARCH_PATHS = (
					"$(inherited)",
					"@executable_path/Frameworks",
				);
				PRODUCT_BUNDLE_IDENTIFIER = com.brian.ControlHW;
				PRODUCT_NAME = "$(TARGET_NAME)";
				SWIFT_VERSION = 5.0;
				TARGETED_DEVICE_FAMILY = "1,2";
			};
			name = Debug;
		};
		3A3AA4E625798BAE00D2B958 /* Release */ = {
			isa = XCBuildConfiguration;
			buildSettings = {
				ASSETCATALOG_COMPILER_APPICON_NAME = AppIcon;
				ASSETCATALOG_COMPILER_GLOBAL_ACCENT_COLOR_NAME = AccentColor;
				CODE_SIGN_STYLE = Automatic;
				INFOPLIST_FILE = ControlHW/Info.plist;
				LD_RUNPATH_SEARCH_PATHS = (
					"$(inherited)",
					"@executable_path/Frameworks",
				);
				PRODUCT_BUNDLE_IDENTIFIER = com.brian.ControlHW;
				PRODUCT_NAME = "$(TARGET_NAME)";
				SWIFT_VERSION = 5.0;
				TARGETED_DEVICE_FAMILY = "1,2";
			};
			name = Release;
		};
/* End XCBuildConfiguration section */

/* Begin XCConfigurationList section */
		3A3AA4CB25798B9400D2B958 /* Build configuration list for PBXProject "ControlHW" */ = {
			isa = XCConfigurationList;
			buildConfigurations = (
				3A3AA4E225798BAE00D2B958 /* Debug */,
				3A3AA4E325798BAE00D2B958 /* Release */,
			);
			defaultConfigurationIsVisible = 0;
			defaultConfigurationName = Release;
		};
		3A3AA4E425798BAE00D2B958 /* Build configuration list for PBXNativeTarget "ControlHW" */ = {
			isa = XCConfigurationList;
			buildConfigurations = (
				3A3AA4E525798BAE00D2B958 /* Debug */,
				3A3AA4E625798BAE00D2B958 /* Release */,
			);
			defaultConfigurationIsVisible = 0;
			defaultConfigurationName = Release;
		};
/* End XCConfigurationList section */
	};
	rootObject = 3A3AA4C825798B9400D2B958 /* Project object */;
}
